// !$*UTF8*$!
{
	archiveVersion = 1;
	classes = {
	};
	objectVersion = 55;
	objects = {

/* Begin PBXBuildFile section */
		75C73BD9277ADFC900BE168D /* AppDelegate.swift in Sources */ = {isa = PBXBuildFile; fileRef = 75C73BD8277ADFC900BE168D /* AppDelegate.swift */; };
		75C73BDB277ADFC900BE168D /* SceneDelegate.swift in Sources */ = {isa = PBXBuildFile; fileRef = 75C73BDA277ADFC900BE168D /* SceneDelegate.swift */; };
		75C73BDD277ADFC900BE168D /* ViewController.swift in Sources */ = {isa = PBXBuildFile; fileRef = 75C73BDC277ADFC900BE168D /* ViewController.swift */; };
		75C73BE0277ADFC900BE168D /* Main.storyboard in Resources */ = {isa = PBXBuildFile; fileRef = 75C73BDE277ADFC900BE168D /* Main.storyboard */; };
		75C73BE2277ADFC900BE168D /* Assets.xcassets in Resources */ = {isa = PBXBuildFile; fileRef = 75C73BE1277ADFC900BE168D /* Assets.xcassets */; };
		75C73BE5277ADFC900BE168D /* LaunchScreen.storyboard in Resources */ = {isa = PBXBuildFile; fileRef = 75C73BE3277ADFC900BE168D /* LaunchScreen.storyboard */; };
		75C73BF7277AE8B700BE168D /* SortViewController.swift in Sources */ = {isa = PBXBuildFile; fileRef = 75C73BF6277AE8B700BE168D /* SortViewController.swift */; };
		75C73BF9277AE8E900BE168D /* PaletteViewController.swift in Sources */ = {isa = PBXBuildFile; fileRef = 75C73BF8277AE8E900BE168D /* PaletteViewController.swift */; };
		75C73BFB277AEA3100BE168D /* SortViewController.xib in Resources */ = {isa = PBXBuildFile; fileRef = 75C73BFA277AEA3100BE168D /* SortViewController.xib */; };
		75C73BFD277AEA4400BE168D /* PaletteViewController.xib in Resources */ = {isa = PBXBuildFile; fileRef = 75C73BFC277AEA4400BE168D /* PaletteViewController.xib */; };
/* End PBXBuildFile section */

/* Begin PBXFileReference section */
		75C73BD5277ADFC900BE168D /* Transition.app */ = {isa = PBXFileReference; explicitFileType = wrapper.application; includeInIndex = 0; path = Transition.app; sourceTree = BUILT_PRODUCTS_DIR; };
		75C73BD8277ADFC900BE168D /* AppDelegate.swift */ = {isa = PBXFileReference; lastKnownFileType = sourcecode.swift; path = AppDelegate.swift; sourceTree = "<group>"; };
		75C73BDA277ADFC900BE168D /* SceneDelegate.swift */ = {isa = PBXFileReference; lastKnownFileType = sourcecode.swift; path = SceneDelegate.swift; sourceTree = "<group>"; };
		75C73BDC277ADFC900BE168D /* ViewController.swift */ = {isa = PBXFileReference; lastKnownFileType = sourcecode.swift; path = ViewController.swift; sourceTree = "<group>"; };
		75C73BDF277ADFC900BE168D /* Base */ = {isa = PBXFileReference; lastKnownFileType = file.storyboard; name = Base; path = Base.lproj/Main.storyboard; sourceTree = "<group>"; };
		75C73BE1277ADFC900BE168D /* Assets.xcassets */ = {isa = PBXFileReference; lastKnownFileType = folder.assetcatalog; path = Assets.xcassets; sourceTree = "<group>"; };
		75C73BE4277ADFC900BE168D /* Base */ = {isa = PBXFileReference; lastKnownFileType = file.storyboard; name = Base; path = Base.lproj/LaunchScreen.storyboard; sourceTree = "<group>"; };
		75C73BE6277ADFC900BE168D /* Info.plist */ = {isa = PBXFileReference; lastKnownFileType = text.plist.xml; path = Info.plist; sourceTree = "<group>"; };
		75C73BF6277AE8B700BE168D /* SortViewController.swift */ = {isa = PBXFileReference; fileEncoding = 4; lastKnownFileType = sourcecode.swift; path = SortViewController.swift; sourceTree = "<group>"; };
		75C73BF8277AE8E900BE168D /* PaletteViewController.swift */ = {isa = PBXFileReference; fileEncoding = 4; lastKnownFileType = sourcecode.swift; path = PaletteViewController.swift; sourceTree = "<group>"; };
		75C73BFA277AEA3100BE168D /* SortViewController.xib */ = {isa = PBXFileReference; lastKnownFileType = file.xib; path = SortViewController.xib; sourceTree = "<group>"; };
		75C73BFC277AEA4400BE168D /* PaletteViewController.xib */ = {isa = PBXFileReference; lastKnownFileType = file.xib; path = PaletteViewController.xib; sourceTree = "<group>"; };
/* End PBXFileReference section */

/* Begin PBXFrameworksBuildPhase section */
		75C73BD2277ADFC800BE168D /* Frameworks */ = {
			isa = PBXFrameworksBuildPhase;
			buildActionMask = 2147483647;
			files = (
			);
			runOnlyForDeploymentPostprocessing = 0;
		};
/* End PBXFrameworksBuildPhase section */

/* Begin PBXGroup section */
		75C73BCC277ADFC800BE168D = {
			isa = PBXGroup;
			children = (
				75C73BD7277ADFC900BE168D /* Transition */,
				75C73BD6277ADFC900BE168D /* Products */,
			);
			sourceTree = "<group>";
		};
		75C73BD6277ADFC900BE168D /* Products */ = {
			isa = PBXGroup;
			children = (
				75C73BD5277ADFC900BE168D /* Transition.app */,
			);
			name = Products;
			sourceTree = "<group>";
		};
		75C73BD7277ADFC900BE168D /* Transition */ = {
			isa = PBXGroup;
			children = (
				75C73BED277AE3BA00BE168D /* Palette */,
				75C73BEC277AE33100BE168D /* Sort */,
				75C73BD8277ADFC900BE168D /* AppDelegate.swift */,
				75C73BDA277ADFC900BE168D /* SceneDelegate.swift */,
				75C73BDC277ADFC900BE168D /* ViewController.swift */,
				75C73BDE277ADFC900BE168D /* Main.storyboard */,
				75C73BE1277ADFC900BE168D /* Assets.xcassets */,
				75C73BE3277ADFC900BE168D /* LaunchScreen.storyboard */,
				75C73BE6277ADFC900BE168D /* Info.plist */,
			);
			path = Transition;
			sourceTree = "<group>";
		};
		75C73BEC277AE33100BE168D /* Sort */ = {
			isa = PBXGroup;
			children = (
				75C73BF6277AE8B700BE168D /* SortViewController.swift */,
				75C73BFA277AEA3100BE168D /* SortViewController.xib */,
			);
			path = Sort;
			sourceTree = "<group>";
		};
		75C73BED277AE3BA00BE168D /* Palette */ = {
			isa = PBXGroup;
			children = (
				75C73BF8277AE8E900BE168D /* PaletteViewController.swift */,
				75C73BFC277AEA4400BE168D /* PaletteViewController.xib */,
			);
			path = Palette;
			sourceTree = "<group>";
		};
/* End PBXGroup section */

/* Begin PBXNativeTarget section */
		75C73BD4277ADFC800BE168D /* Transition */ = {
			isa = PBXNativeTarget;
			buildConfigurationList = 75C73BE9277ADFC900BE168D /* Build configuration list for PBXNativeTarget "Transition" */;
			buildPhases = (
				75C73BD1277ADFC800BE168D /* Sources */,
				75C73BD2277ADFC800BE168D /* Frameworks */,
				75C73BD3277ADFC800BE168D /* Resources */,
			);
			buildRules = (
			);
			dependencies = (
			);
			name = Transition;
			productName = Transition;
			productReference = 75C73BD5277ADFC900BE168D /* Transition.app */;
			productType = "com.apple.product-type.application";
		};
/* End PBXNativeTarget section */

/* Begin PBXProject section */
		75C73BCD277ADFC800BE168D /* Project object */ = {
			isa = PBXProject;
			attributes = {
				BuildIndependentTargetsInParallel = 1;
				LastSwiftUpdateCheck = 1320;
				LastUpgradeCheck = 1320;
				TargetAttributes = {
					75C73BD4277ADFC800BE168D = {
						CreatedOnToolsVersion = 13.2.1;
					};
				};
			};
			buildConfigurationList = 75C73BD0277ADFC800BE168D /* Build configuration list for PBXProject "Transition" */;
			compatibilityVersion = "Xcode 13.0";
			developmentRegion = en;
			hasScannedForEncodings = 0;
			knownRegions = (
				en,
				Base,
			);
			mainGroup = 75C73BCC277ADFC800BE168D;
			productRefGroup = 75C73BD6277ADFC900BE168D /* Products */;
			projectDirPath = "";
			projectRoot = "";
			targets = (
				75C73BD4277ADFC800BE168D /* Transition */,
			);
		};
/* End PBXProject section */

/* Begin PBXResourcesBuildPhase section */
		75C73BD3277ADFC800BE168D /* Resources */ = {
			isa = PBXResourcesBuildPhase;
			buildActionMask = 2147483647;
			files = (
				75C73BE5277ADFC900BE168D /* LaunchScreen.storyboard in Resources */,
				75C73BE2277ADFC900BE168D /* Assets.xcassets in Resources */,
				75C73BFB277AEA3100BE168D /* SortViewController.xib in Resources */,
				75C73BFD277AEA4400BE168D /* PaletteViewController.xib in Resources */,
				75C73BE0277ADFC900BE168D /* Main.storyboard in Resources */,
			);
			runOnlyForDeploymentPostprocessing = 0;
		};
/* End PBXResourcesBuildPhase section */

/* Begin PBXSourcesBuildPhase section */
		75C73BD1277ADFC800BE168D /* Sources */ = {
			isa = PBXSourcesBuildPhase;
			buildActionMask = 2147483647;
			files = (
				75C73BF9277AE8E900BE168D /* PaletteViewController.swift in Sources */,
				75C73BDD277ADFC900BE168D /* ViewController.swift in Sources */,
				75C73BD9277ADFC900BE168D /* AppDelegate.swift in Sources */,
				75C73BF7277AE8B700BE168D /* SortViewController.swift in Sources */,
				75C73BDB277ADFC900BE168D /* SceneDelegate.swift in Sources */,
			);
			runOnlyForDeploymentPostprocessing = 0;
		};
/* End PBXSourcesBuildPhase section */

/* Begin PBXVariantGroup section */
		75C73BDE277ADFC900BE168D /* Main.storyboard */ = {
			isa = PBXVariantGroup;
			children = (
				75C73BDF277ADFC900BE168D /* Base */,
			);
			name = Main.storyboard;
			sourceTree = "<group>";
		};
		75C73BE3277ADFC900BE168D /* LaunchScreen.storyboard */ = {
			isa = PBXVariantGroup;
			children = (
				75C73BE4277ADFC900BE168D /* Base */,
			);
			name = LaunchScreen.storyboard;
			sourceTree = "<group>";
		};
/* End PBXVariantGroup section */

/* Begin XCBuildConfiguration section */
		75C73BE7277ADFC900BE168D /* Debug */ = {
			isa = XCBuildConfiguration;
			buildSettings = {
				ALWAYS_SEARCH_USER_PATHS = NO;
				CLANG_ANALYZER_NONNULL = YES;
				CLANG_ANALYZER_NUMBER_OBJECT_CONVERSION = YES_AGGRESSIVE;
				CLANG_CXX_LANGUAGE_STANDARD = "gnu++17";
				CLANG_CXX_LIBRARY = "libc++";
				CLANG_ENABLE_MODULES = YES;
				CLANG_ENABLE_OBJC_ARC = YES;
				CLANG_ENABLE_OBJC_WEAK = YES;
				CLANG_WARN_BLOCK_CAPTURE_AUTORELEASING = YES;
				CLANG_WARN_BOOL_CONVERSION = YES;
				CLANG_WARN_COMMA = YES;
				CLANG_WARN_CONSTANT_CONVERSION = YES;
				CLANG_WARN_DEPRECATED_OBJC_IMPLEMENTATIONS = YES;
				CLANG_WARN_DIRECT_OBJC_ISA_USAGE = YES_ERROR;
				CLANG_WARN_DOCUMENTATION_COMMENTS = YES;
				CLANG_WARN_EMPTY_BODY = YES;
				CLANG_WARN_ENUM_CONVERSION = YES;
				CLANG_WARN_INFINITE_RECURSION = YES;
				CLANG_WARN_INT_CONVERSION = YES;
				CLANG_WARN_NON_LITERAL_NULL_CONVERSION = YES;
				CLANG_WARN_OBJC_IMPLICIT_RETAIN_SELF = YES;
				CLANG_WARN_OBJC_LITERAL_CONVERSION = YES;
				CLANG_WARN_OBJC_ROOT_CLASS = YES_ERROR;
				CLANG_WARN_QUOTED_INCLUDE_IN_FRAMEWORK_HEADER = YES;
				CLANG_WARN_RANGE_LOOP_ANALYSIS = YES;
				CLANG_WARN_STRICT_PROTOTYPES = YES;
				CLANG_WARN_SUSPICIOUS_MOVE = YES;
				CLANG_WARN_UNGUARDED_AVAILABILITY = YES_AGGRESSIVE;
				CLANG_WARN_UNREACHABLE_CODE = YES;
				CLANG_WARN__DUPLICATE_METHOD_MATCH = YES;
				COPY_PHASE_STRIP = NO;
				DEBUG_INFORMATION_FORMAT = dwarf;
				ENABLE_STRICT_OBJC_MSGSEND = YES;
				ENABLE_TESTABILITY = YES;
				GCC_C_LANGUAGE_STANDARD = gnu11;
				GCC_DYNAMIC_NO_PIC = NO;
				GCC_NO_COMMON_BLOCKS = YES;
				GCC_OPTIMIZATION_LEVEL = 0;
				GCC_PREPROCESSOR_DEFINITIONS = (
					"DEBUG=1",
					"$(inherited)",
				);
				GCC_WARN_64_TO_32_BIT_CONVERSION = YES;
				GCC_WARN_ABOUT_RETURN_TYPE = YES_ERROR;
				GCC_WARN_UNDECLARED_SELECTOR = YES;
				GCC_WARN_UNINITIALIZED_AUTOS = YES_AGGRESSIVE;
				GCC_WARN_UNUSED_FUNCTION = YES;
				GCC_WARN_UNUSED_VARIABLE = YES;
				IPHONEOS_DEPLOYMENT_TARGET = 15.2;
				MTL_ENABLE_DEBUG_INFO = INCLUDE_SOURCE;
				MTL_FAST_MATH = YES;
				ONLY_ACTIVE_ARCH = YES;
				SDKROOT = iphoneos;
				SWIFT_ACTIVE_COMPILATION_CONDITIONS = DEBUG;
				SWIFT_OPTIMIZATION_LEVEL = "-Onone";
			};
			name = Debug;
		};
		75C73BE8277ADFC900BE168D /* Release */ = {
			isa = XCBuildConfiguration;
			buildSettings = {
				ALWAYS_SEARCH_USER_PATHS = NO;
				CLANG_ANALYZER_NONNULL = YES;
				CLANG_ANALYZER_NUMBER_OBJECT_CONVERSION = YES_AGGRESSIVE;
				CLANG_CXX_LANGUAGE_STANDARD = "gnu++17";
				CLANG_CXX_LIBRARY = "libc++";
				CLANG_ENABLE_MODULES = YES;
				CLANG_ENABLE_OBJC_ARC = YES;
				CLANG_ENABLE_OBJC_WEAK = YES;
				CLANG_WARN_BLOCK_CAPTURE_AUTORELEASING = YES;
				CLANG_WARN_BOOL_CONVERSION = YES;
				CLANG_WARN_COMMA = YES;
				CLANG_WARN_CONSTANT_CONVERSION = YES;
				CLANG_WARN_DEPRECATED_OBJC_IMPLEMENTATIONS = YES;
				CLANG_WARN_DIRECT_OBJC_ISA_USAGE = YES_ERROR;
				CLANG_WARN_DOCUMENTATION_COMMENTS = YES;
				CLANG_WARN_EMPTY_BODY = YES;
				CLANG_WARN_ENUM_CONVERSION = YES;
				CLANG_WARN_INFINITE_RECURSION = YES;
				CLANG_WARN_INT_CONVERSION = YES;
				CLANG_WARN_NON_LITERAL_NULL_CONVERSION = YES;
				CLANG_WARN_OBJC_IMPLICIT_RETAIN_SELF = YES;
				CLANG_WARN_OBJC_LITERAL_CONVERSION = YES;
				CLANG_WARN_OBJC_ROOT_CLASS = YES_ERROR;
				CLANG_WARN_QUOTED_INCLUDE_IN_FRAMEWORK_HEADER = YES;
				CLANG_WARN_RANGE_LOOP_ANALYSIS = YES;
				CLANG_WARN_STRICT_PROTOTYPES = YES;
				CLANG_WARN_SUSPICIOUS_MOVE = YES;
				CLANG_WARN_UNGUARDED_AVAILABILITY = YES_AGGRESSIVE;
				CLANG_WARN_UNREACHABLE_CODE = YES;
				CLANG_WARN__DUPLICATE_METHOD_MATCH = YES;
				COPY_PHASE_STRIP = NO;
				DEBUG_INFORMATION_FORMAT = "dwarf-with-dsym";
				ENABLE_NS_ASSERTIONS = NO;
				ENABLE_STRICT_OBJC_MSGSEND = YES;
				GCC_C_LANGUAGE_STANDARD = gnu11;
				GCC_NO_COMMON_BLOCKS = YES;
				GCC_WARN_64_TO_32_BIT_CONVERSION = YES;
				GCC_WARN_ABOUT_RETURN_TYPE = YES_ERROR;
				GCC_WARN_UNDECLARED_SELECTOR = YES;
				GCC_WARN_UNINITIALIZED_AUTOS = YES_AGGRESSIVE;
				GCC_WARN_UNUSED_FUNCTION = YES;
				GCC_WARN_UNUSED_VARIABLE = YES;
				IPHONEOS_DEPLOYMENT_TARGET = 15.2;
				MTL_ENABLE_DEBUG_INFO = NO;
				MTL_FAST_MATH = YES;
				SDKROOT = iphoneos;
				SWIFT_COMPILATION_MODE = wholemodule;
				SWIFT_OPTIMIZATION_LEVEL = "-O";
				VALIDATE_PRODUCT = YES;
			};
			name = Release;
		};
		75C73BEA277ADFC900BE168D /* Debug */ = {
			isa = XCBuildConfiguration;
			buildSettings = {
				ASSETCATALOG_COMPILER_APPICON_NAME = AppIcon;
				ASSETCATALOG_COMPILER_GLOBAL_ACCENT_COLOR_NAME = AccentColor;
				CODE_SIGN_STYLE = Automatic;
				CURRENT_PROJECT_VERSION = 1;
				DEVELOPMENT_TEAM = 97BD48DZC7;
				GENERATE_INFOPLIST_FILE = YES;
				INFOPLIST_FILE = Transition/Info.plist;
				INFOPLIST_KEY_UIApplicationSupportsIndirectInputEvents = YES;
				INFOPLIST_KEY_UILaunchStoryboardName = LaunchScreen;
				INFOPLIST_KEY_UIMainStoryboardFile = Main;
				INFOPLIST_KEY_UISupportedInterfaceOrientations_iPad = "UIInterfaceOrientationPortrait UIInterfaceOrientationPortraitUpsideDown UIInterfaceOrientationLandscapeLeft UIInterfaceOrientationLandscapeRight";
				INFOPLIST_KEY_UISupportedInterfaceOrientations_iPhone = "UIInterfaceOrientationPortrait UIInterfaceOrientationLandscapeLeft UIInterfaceOrientationLandscapeRight";
				LD_RUNPATH_SEARCH_PATHS = (
					"$(inherited)",
					"@executable_path/Frameworks",
				);
				MARKETING_VERSION = 1.0;
				PRODUCT_BUNDLE_IDENTIFIER = tw.com.BruceHuang.Transition;
				PRODUCT_NAME = "$(TARGET_NAME)";
				SWIFT_EMIT_LOC_STRINGS = YES;
				SWIFT_VERSION = 5.0;
				TARGETED_DEVICE_FAMILY = "1,2";
			};
			name = Debug;
		};
		75C73BEB277ADFC900BE168D /* Release */ = {
			isa = XCBuildConfiguration;
			buildSettings = {
				ASSETCATALOG_COMPILER_APPICON_NAME = AppIcon;
				ASSETCATALOG_COMPILER_GLOBAL_ACCENT_COLOR_NAME = AccentColor;
				CODE_SIGN_STYLE = Automatic;
				CURRENT_PROJECT_VERSION = 1;
				DEVELOPMENT_TEAM = 97BD48DZC7;
				GENERATE_INFOPLIST_FILE = YES;
				INFOPLIST_FILE = Transition/Info.plist;
				INFOPLIST_KEY_UIApplicationSupportsIndirectInputEvents = YES;
				INFOPLIST_KEY_UILaunchStoryboardName = LaunchScreen;
				INFOPLIST_KEY_UIMainStoryboardFile = Main;
				INFOPLIST_KEY_UISupportedInterfaceOrientations_iPad = "UIInterfaceOrientationPortrait UIInterfaceOrientationPortraitUpsideDown UIInterfaceOrientationLandscapeLeft UIInterfaceOrientationLandscapeRight";
				INFOPLIST_KEY_UISupportedInterfaceOrientations_iPhone = "UIInterfaceOrientationPortrait UIInterfaceOrientationLandscapeLeft UIInterfaceOrientationLandscapeRight";
				LD_RUNPATH_SEARCH_PATHS = (
					"$(inherited)",
					"@executable_path/Frameworks",
				);
				MARKETING_VERSION = 1.0;
				PRODUCT_BUNDLE_IDENTIFIER = tw.com.BruceHuang.Transition;
				PRODUCT_NAME = "$(TARGET_NAME)";
				SWIFT_EMIT_LOC_STRINGS = YES;
				SWIFT_VERSION = 5.0;
				TARGETED_DEVICE_FAMILY = "1,2";
			};
			name = Release;
		};
/* End XCBuildConfiguration section */

/* Begin XCConfigurationList section */
		75C73BD0277ADFC800BE168D /* Build configuration list for PBXProject "Transition" */ = {
			isa = XCConfigurationList;
			buildConfigurations = (
				75C73BE7277ADFC900BE168D /* Debug */,
				75C73BE8277ADFC900BE168D /* Release */,
			);
			defaultConfigurationIsVisible = 0;
			defaultConfigurationName = Release;
		};
		75C73BE9277ADFC900BE168D /* Build configuration list for PBXNativeTarget "Transition" */ = {
			isa = XCConfigurationList;
			buildConfigurations = (
				75C73BEA277ADFC900BE168D /* Debug */,
				75C73BEB277ADFC900BE168D /* Release */,
			);
			defaultConfigurationIsVisible = 0;
			defaultConfigurationName = Release;
		};
/* End XCConfigurationList section */
	};
	rootObject = 75C73BCD277ADFC800BE168D /* Project object */;
}
