// !$*UTF8*$!
{
	archiveVersion = 1;
	classes = {
	};
	objectVersion = 55;
	objects = {

/* Begin PBXBuildFile section */
		7557D105278C2B4E0076C642 /* UserCell.swift in Sources */ = {isa = PBXBuildFile; fileRef = 7557D104278C2B4E0076C642 /* UserCell.swift */; };
		7557D107278C2B590076C642 /* UserCell.xib in Resources */ = {isa = PBXBuildFile; fileRef = 7557D106278C2B590076C642 /* UserCell.xib */; };
		759F41FE278D356E003F773D /* EditViewController.swift in Sources */ = {isa = PBXBuildFile; fileRef = 759F41FD278D356E003F773D /* EditViewController.swift */; };
		759F4200278D357C003F773D /* EditViewController.xib in Resources */ = {isa = PBXBuildFile; fileRef = 759F41FF278D357C003F773D /* EditViewController.xib */; };
		75CD7A89278591400030A25F /* AppDelegate.swift in Sources */ = {isa = PBXBuildFile; fileRef = 75CD7A88278591400030A25F /* AppDelegate.swift */; };
		75CD7A8B278591400030A25F /* SceneDelegate.swift in Sources */ = {isa = PBXBuildFile; fileRef = 75CD7A8A278591400030A25F /* SceneDelegate.swift */; };
		75CD7A8D278591400030A25F /* APPViewController.swift in Sources */ = {isa = PBXBuildFile; fileRef = 75CD7A8C278591400030A25F /* APPViewController.swift */; };
		75CD7A92278591400030A25F /* Assets.xcassets in Resources */ = {isa = PBXBuildFile; fileRef = 75CD7A91278591400030A25F /* Assets.xcassets */; };
		75CD7A95278591400030A25F /* LaunchScreen.storyboard in Resources */ = {isa = PBXBuildFile; fileRef = 75CD7A93278591400030A25F /* LaunchScreen.storyboard */; };
		75CD7A9E278594300030A25F /* User.swift in Sources */ = {isa = PBXBuildFile; fileRef = 75CD7A9D278594300030A25F /* User.swift */; };
		75CD7AA0278599E40030A25F /* APPViewController.xib in Resources */ = {isa = PBXBuildFile; fileRef = 75CD7A9F278599E40030A25F /* APPViewController.xib */; };
/* End PBXBuildFile section */

/* Begin PBXFileReference section */
		7557D104278C2B4E0076C642 /* UserCell.swift */ = {isa = PBXFileReference; lastKnownFileType = sourcecode.swift; path = UserCell.swift; sourceTree = "<group>"; };
		7557D106278C2B590076C642 /* UserCell.xib */ = {isa = PBXFileReference; lastKnownFileType = file.xib; path = UserCell.xib; sourceTree = "<group>"; };
		759F41FD278D356E003F773D /* EditViewController.swift */ = {isa = PBXFileReference; lastKnownFileType = sourcecode.swift; path = EditViewController.swift; sourceTree = "<group>"; };
		759F41FF278D357C003F773D /* EditViewController.xib */ = {isa = PBXFileReference; lastKnownFileType = file.xib; path = EditViewController.xib; sourceTree = "<group>"; };
		75CD7A85278591400030A25F /* Integrated.app */ = {isa = PBXFileReference; explicitFileType = wrapper.application; includeInIndex = 0; path = Integrated.app; sourceTree = BUILT_PRODUCTS_DIR; };
		75CD7A88278591400030A25F /* AppDelegate.swift */ = {isa = PBXFileReference; lastKnownFileType = sourcecode.swift; path = AppDelegate.swift; sourceTree = "<group>"; };
		75CD7A8A278591400030A25F /* SceneDelegate.swift */ = {isa = PBXFileReference; lastKnownFileType = sourcecode.swift; path = SceneDelegate.swift; sourceTree = "<group>"; };
		75CD7A8C278591400030A25F /* APPViewController.swift */ = {isa = PBXFileReference; lastKnownFileType = sourcecode.swift; path = APPViewController.swift; sourceTree = "<group>"; };
		75CD7A91278591400030A25F /* Assets.xcassets */ = {isa = PBXFileReference; lastKnownFileType = folder.assetcatalog; path = Assets.xcassets; sourceTree = "<group>"; };
		75CD7A94278591400030A25F /* Base */ = {isa = PBXFileReference; lastKnownFileType = file.storyboard; name = Base; path = Base.lproj/LaunchScreen.storyboard; sourceTree = "<group>"; };
		75CD7A96278591400030A25F /* Info.plist */ = {isa = PBXFileReference; lastKnownFileType = text.plist.xml; path = Info.plist; sourceTree = "<group>"; };
		75CD7A9D278594300030A25F /* User.swift */ = {isa = PBXFileReference; lastKnownFileType = sourcecode.swift; path = User.swift; sourceTree = "<group>"; };
		75CD7A9F278599E40030A25F /* APPViewController.xib */ = {isa = PBXFileReference; lastKnownFileType = file.xib; path = APPViewController.xib; sourceTree = "<group>"; };
/* End PBXFileReference section */

/* Begin PBXFrameworksBuildPhase section */
		75CD7A822785913F0030A25F /* Frameworks */ = {
			isa = PBXFrameworksBuildPhase;
			buildActionMask = 2147483647;
			files = (
			);
			runOnlyForDeploymentPostprocessing = 0;
		};
/* End PBXFrameworksBuildPhase section */

/* Begin PBXGroup section */
		75CD7A7C2785913F0030A25F = {
			isa = PBXGroup;
			children = (
				75CD7A87278591400030A25F /* Integrated */,
				75CD7A86278591400030A25F /* Products */,
			);
			sourceTree = "<group>";
		};
		75CD7A86278591400030A25F /* Products */ = {
			isa = PBXGroup;
			children = (
				75CD7A85278591400030A25F /* Integrated.app */,
			);
			name = Products;
			sourceTree = "<group>";
		};
		75CD7A87278591400030A25F /* Integrated */ = {
			isa = PBXGroup;
			children = (
				75CD7A9C278594210030A25F /* Models */,
				75CD7A88278591400030A25F /* AppDelegate.swift */,
				75CD7A8A278591400030A25F /* SceneDelegate.swift */,
				75CD7A8C278591400030A25F /* APPViewController.swift */,
				75CD7A9F278599E40030A25F /* APPViewController.xib */,
				7557D104278C2B4E0076C642 /* UserCell.swift */,
				7557D106278C2B590076C642 /* UserCell.xib */,
				759F41FD278D356E003F773D /* EditViewController.swift */,
				759F41FF278D357C003F773D /* EditViewController.xib */,
				75CD7A91278591400030A25F /* Assets.xcassets */,
				75CD7A93278591400030A25F /* LaunchScreen.storyboard */,
				75CD7A96278591400030A25F /* Info.plist */,
			);
			path = Integrated;
			sourceTree = "<group>";
		};
		75CD7A9C278594210030A25F /* Models */ = {
			isa = PBXGroup;
			children = (
				75CD7A9D278594300030A25F /* User.swift */,
			);
			path = Models;
			sourceTree = "<group>";
		};
/* End PBXGroup section */

/* Begin PBXNativeTarget section */
		75CD7A842785913F0030A25F /* Integrated */ = {
			isa = PBXNativeTarget;
			buildConfigurationList = 75CD7A99278591400030A25F /* Build configuration list for PBXNativeTarget "Integrated" */;
			buildPhases = (
				75CD7A812785913F0030A25F /* Sources */,
				75CD7A822785913F0030A25F /* Frameworks */,
				75CD7A832785913F0030A25F /* Resources */,
			);
			buildRules = (
			);
			dependencies = (
			);
			name = Integrated;
			productName = Integrated;
			productReference = 75CD7A85278591400030A25F /* Integrated.app */;
			productType = "com.apple.product-type.application";
		};
/* End PBXNativeTarget section */

/* Begin PBXProject section */
		75CD7A7D2785913F0030A25F /* Project object */ = {
			isa = PBXProject;
			attributes = {
				BuildIndependentTargetsInParallel = 1;
				LastSwiftUpdateCheck = 1320;
				LastUpgradeCheck = 1320;
				TargetAttributes = {
					75CD7A842785913F0030A25F = {
						CreatedOnToolsVersion = 13.2.1;
					};
				};
			};
			buildConfigurationList = 75CD7A802785913F0030A25F /* Build configuration list for PBXProject "Integrated" */;
			compatibilityVersion = "Xcode 13.0";
			developmentRegion = en;
			hasScannedForEncodings = 0;
			knownRegions = (
				en,
				Base,
			);
			mainGroup = 75CD7A7C2785913F0030A25F;
			productRefGroup = 75CD7A86278591400030A25F /* Products */;
			projectDirPath = "";
			projectRoot = "";
			targets = (
				75CD7A842785913F0030A25F /* Integrated */,
			);
		};
/* End PBXProject section */

/* Begin PBXResourcesBuildPhase section */
		75CD7A832785913F0030A25F /* Resources */ = {
			isa = PBXResourcesBuildPhase;
			buildActionMask = 2147483647;
			files = (
				7557D107278C2B590076C642 /* UserCell.xib in Resources */,
				75CD7A95278591400030A25F /* LaunchScreen.storyboard in Resources */,
				759F4200278D357C003F773D /* EditViewController.xib in Resources */,
				75CD7AA0278599E40030A25F /* APPViewController.xib in Resources */,
				75CD7A92278591400030A25F /* Assets.xcassets in Resources */,
			);
			runOnlyForDeploymentPostprocessing = 0;
		};
/* End PBXResourcesBuildPhase section */

/* Begin PBXSourcesBuildPhase section */
		75CD7A812785913F0030A25F /* Sources */ = {
			isa = PBXSourcesBuildPhase;
			buildActionMask = 2147483647;
			files = (
				75CD7A9E278594300030A25F /* User.swift in Sources */,
				75CD7A8D278591400030A25F /* APPViewController.swift in Sources */,
				759F41FE278D356E003F773D /* EditViewController.swift in Sources */,
				75CD7A89278591400030A25F /* AppDelegate.swift in Sources */,
				7557D105278C2B4E0076C642 /* UserCell.swift in Sources */,
				75CD7A8B278591400030A25F /* SceneDelegate.swift in Sources */,
			);
			runOnlyForDeploymentPostprocessing = 0;
		};
/* End PBXSourcesBuildPhase section */

/* Begin PBXVariantGroup section */
		75CD7A93278591400030A25F /* LaunchScreen.storyboard */ = {
			isa = PBXVariantGroup;
			children = (
				75CD7A94278591400030A25F /* Base */,
			);
			name = LaunchScreen.storyboard;
			sourceTree = "<group>";
		};
/* End PBXVariantGroup section */

/* Begin XCBuildConfiguration section */
		75CD7A97278591400030A25F /* Debug */ = {
			isa = XCBuildConfiguration;
			buildSettings = {
				ALWAYS_SEARCH_USER_PATHS = NO;
				CLANG_ANALYZER_NONNULL = YES;
				CLANG_ANALYZER_NUMBER_OBJECT_CONVERSION = YES_AGGRESSIVE;
				CLANG_CXX_LANGUAGE_STANDARD = "gnu++17";
				CLANG_CXX_LIBRARY = "libc++";
				CLANG_ENABLE_MODULES = YES;
				CLANG_ENABLE_OBJC_ARC = YES;
				CLANG_ENABLE_OBJC_WEAK = YES;
				CLANG_WARN_BLOCK_CAPTURE_AUTORELEASING = YES;
				CLANG_WARN_BOOL_CONVERSION = YES;
				CLANG_WARN_COMMA = YES;
				CLANG_WARN_CONSTANT_CONVERSION = YES;
				CLANG_WARN_DEPRECATED_OBJC_IMPLEMENTATIONS = YES;
				CLANG_WARN_DIRECT_OBJC_ISA_USAGE = YES_ERROR;
				CLANG_WARN_DOCUMENTATION_COMMENTS = YES;
				CLANG_WARN_EMPTY_BODY = YES;
				CLANG_WARN_ENUM_CONVERSION = YES;
				CLANG_WARN_INFINITE_RECURSION = YES;
				CLANG_WARN_INT_CONVERSION = YES;
				CLANG_WARN_NON_LITERAL_NULL_CONVERSION = YES;
				CLANG_WARN_OBJC_IMPLICIT_RETAIN_SELF = YES;
				CLANG_WARN_OBJC_LITERAL_CONVERSION = YES;
				CLANG_WARN_OBJC_ROOT_CLASS = YES_ERROR;
				CLANG_WARN_QUOTED_INCLUDE_IN_FRAMEWORK_HEADER = YES;
				CLANG_WARN_RANGE_LOOP_ANALYSIS = YES;
				CLANG_WARN_STRICT_PROTOTYPES = YES;
				CLANG_WARN_SUSPICIOUS_MOVE = YES;
				CLANG_WARN_UNGUARDED_AVAILABILITY = YES_AGGRESSIVE;
				CLANG_WARN_UNREACHABLE_CODE = YES;
				CLANG_WARN__DUPLICATE_METHOD_MATCH = YES;
				COPY_PHASE_STRIP = NO;
				DEBUG_INFORMATION_FORMAT = dwarf;
				ENABLE_STRICT_OBJC_MSGSEND = YES;
				ENABLE_TESTABILITY = YES;
				GCC_C_LANGUAGE_STANDARD = gnu11;
				GCC_DYNAMIC_NO_PIC = NO;
				GCC_NO_COMMON_BLOCKS = YES;
				GCC_OPTIMIZATION_LEVEL = 0;
				GCC_PREPROCESSOR_DEFINITIONS = (
					"DEBUG=1",
					"$(inherited)",
				);
				GCC_WARN_64_TO_32_BIT_CONVERSION = YES;
				GCC_WARN_ABOUT_RETURN_TYPE = YES_ERROR;
				GCC_WARN_UNDECLARED_SELECTOR = YES;
				GCC_WARN_UNINITIALIZED_AUTOS = YES_AGGRESSIVE;
				GCC_WARN_UNUSED_FUNCTION = YES;
				GCC_WARN_UNUSED_VARIABLE = YES;
				IPHONEOS_DEPLOYMENT_TARGET = 15.2;
				MTL_ENABLE_DEBUG_INFO = INCLUDE_SOURCE;
				MTL_FAST_MATH = YES;
				ONLY_ACTIVE_ARCH = YES;
				SDKROOT = iphoneos;
				SWIFT_ACTIVE_COMPILATION_CONDITIONS = DEBUG;
				SWIFT_OPTIMIZATION_LEVEL = "-Onone";
			};
			name = Debug;
		};
		75CD7A98278591400030A25F /* Release */ = {
			isa = XCBuildConfiguration;
			buildSettings = {
				ALWAYS_SEARCH_USER_PATHS = NO;
				CLANG_ANALYZER_NONNULL = YES;
				CLANG_ANALYZER_NUMBER_OBJECT_CONVERSION = YES_AGGRESSIVE;
				CLANG_CXX_LANGUAGE_STANDARD = "gnu++17";
				CLANG_CXX_LIBRARY = "libc++";
				CLANG_ENABLE_MODULES = YES;
				CLANG_ENABLE_OBJC_ARC = YES;
				CLANG_ENABLE_OBJC_WEAK = YES;
				CLANG_WARN_BLOCK_CAPTURE_AUTORELEASING = YES;
				CLANG_WARN_BOOL_CONVERSION = YES;
				CLANG_WARN_COMMA = YES;
				CLANG_WARN_CONSTANT_CONVERSION = YES;
				CLANG_WARN_DEPRECATED_OBJC_IMPLEMENTATIONS = YES;
				CLANG_WARN_DIRECT_OBJC_ISA_USAGE = YES_ERROR;
				CLANG_WARN_DOCUMENTATION_COMMENTS = YES;
				CLANG_WARN_EMPTY_BODY = YES;
				CLANG_WARN_ENUM_CONVERSION = YES;
				CLANG_WARN_INFINITE_RECURSION = YES;
				CLANG_WARN_INT_CONVERSION = YES;
				CLANG_WARN_NON_LITERAL_NULL_CONVERSION = YES;
				CLANG_WARN_OBJC_IMPLICIT_RETAIN_SELF = YES;
				CLANG_WARN_OBJC_LITERAL_CONVERSION = YES;
				CLANG_WARN_OBJC_ROOT_CLASS = YES_ERROR;
				CLANG_WARN_QUOTED_INCLUDE_IN_FRAMEWORK_HEADER = YES;
				CLANG_WARN_RANGE_LOOP_ANALYSIS = YES;
				CLANG_WARN_STRICT_PROTOTYPES = YES;
				CLANG_WARN_SUSPICIOUS_MOVE = YES;
				CLANG_WARN_UNGUARDED_AVAILABILITY = YES_AGGRESSIVE;
				CLANG_WARN_UNREACHABLE_CODE = YES;
				CLANG_WARN__DUPLICATE_METHOD_MATCH = YES;
				COPY_PHASE_STRIP = NO;
				DEBUG_INFORMATION_FORMAT = "dwarf-with-dsym";
				ENABLE_NS_ASSERTIONS = NO;
				ENABLE_STRICT_OBJC_MSGSEND = YES;
				GCC_C_LANGUAGE_STANDARD = gnu11;
				GCC_NO_COMMON_BLOCKS = YES;
				GCC_WARN_64_TO_32_BIT_CONVERSION = YES;
				GCC_WARN_ABOUT_RETURN_TYPE = YES_ERROR;
				GCC_WARN_UNDECLARED_SELECTOR = YES;
				GCC_WARN_UNINITIALIZED_AUTOS = YES_AGGRESSIVE;
				GCC_WARN_UNUSED_FUNCTION = YES;
				GCC_WARN_UNUSED_VARIABLE = YES;
				IPHONEOS_DEPLOYMENT_TARGET = 15.2;
				MTL_ENABLE_DEBUG_INFO = NO;
				MTL_FAST_MATH = YES;
				SDKROOT = iphoneos;
				SWIFT_COMPILATION_MODE = wholemodule;
				SWIFT_OPTIMIZATION_LEVEL = "-O";
				VALIDATE_PRODUCT = YES;
			};
			name = Release;
		};
		75CD7A9A278591400030A25F /* Debug */ = {
			isa = XCBuildConfiguration;
			buildSettings = {
				ASSETCATALOG_COMPILER_APPICON_NAME = AppIcon;
				ASSETCATALOG_COMPILER_GLOBAL_ACCENT_COLOR_NAME = AccentColor;
				CODE_SIGN_STYLE = Automatic;
				CURRENT_PROJECT_VERSION = 1;
				DEVELOPMENT_TEAM = 97BD48DZC7;
				GENERATE_INFOPLIST_FILE = YES;
				INFOPLIST_FILE = Integrated/Info.plist;
				INFOPLIST_KEY_UIApplicationSupportsIndirectInputEvents = YES;
				INFOPLIST_KEY_UILaunchStoryboardName = LaunchScreen;
				INFOPLIST_KEY_UISupportedInterfaceOrientations_iPad = "UIInterfaceOrientationPortrait UIInterfaceOrientationPortraitUpsideDown UIInterfaceOrientationLandscapeLeft UIInterfaceOrientationLandscapeRight";
				INFOPLIST_KEY_UISupportedInterfaceOrientations_iPhone = "UIInterfaceOrientationPortrait UIInterfaceOrientationLandscapeLeft UIInterfaceOrientationLandscapeRight";
				IPHONEOS_DEPLOYMENT_TARGET = 14.0;
				LD_RUNPATH_SEARCH_PATHS = (
					"$(inherited)",
					"@executable_path/Frameworks",
				);
				MARKETING_VERSION = 1.0;
				PRODUCT_BUNDLE_IDENTIFIER = tw.com.BruceHuang.Integrated;
				PRODUCT_NAME = "$(TARGET_NAME)";
				SWIFT_EMIT_LOC_STRINGS = YES;
				SWIFT_VERSION = 5.0;
				TARGETED_DEVICE_FAMILY = "1,2";
			};
			name = Debug;
		};
		75CD7A9B278591400030A25F /* Release */ = {
			isa = XCBuildConfiguration;
			buildSettings = {
				ASSETCATALOG_COMPILER_APPICON_NAME = AppIcon;
				ASSETCATALOG_COMPILER_GLOBAL_ACCENT_COLOR_NAME = AccentColor;
				CODE_SIGN_STYLE = Automatic;
				CURRENT_PROJECT_VERSION = 1;
				DEVELOPMENT_TEAM = 97BD48DZC7;
				GENERATE_INFOPLIST_FILE = YES;
				INFOPLIST_FILE = Integrated/Info.plist;
				INFOPLIST_KEY_UIApplicationSupportsIndirectInputEvents = YES;
				INFOPLIST_KEY_UILaunchStoryboardName = LaunchScreen;
				INFOPLIST_KEY_UISupportedInterfaceOrientations_iPad = "UIInterfaceOrientationPortrait UIInterfaceOrientationPortraitUpsideDown UIInterfaceOrientationLandscapeLeft UIInterfaceOrientationLandscapeRight";
				INFOPLIST_KEY_UISupportedInterfaceOrientations_iPhone = "UIInterfaceOrientationPortrait UIInterfaceOrientationLandscapeLeft UIInterfaceOrientationLandscapeRight";
				IPHONEOS_DEPLOYMENT_TARGET = 14.0;
				LD_RUNPATH_SEARCH_PATHS = (
					"$(inherited)",
					"@executable_path/Frameworks",
				);
				MARKETING_VERSION = 1.0;
				PRODUCT_BUNDLE_IDENTIFIER = tw.com.BruceHuang.Integrated;
				PRODUCT_NAME = "$(TARGET_NAME)";
				SWIFT_EMIT_LOC_STRINGS = YES;
				SWIFT_VERSION = 5.0;
				TARGETED_DEVICE_FAMILY = "1,2";
			};
			name = Release;
		};
/* End XCBuildConfiguration section */

/* Begin XCConfigurationList section */
		75CD7A802785913F0030A25F /* Build configuration list for PBXProject "Integrated" */ = {
			isa = XCConfigurationList;
			buildConfigurations = (
				75CD7A97278591400030A25F /* Debug */,
				75CD7A98278591400030A25F /* Release */,
			);
			defaultConfigurationIsVisible = 0;
			defaultConfigurationName = Release;
		};
		75CD7A99278591400030A25F /* Build configuration list for PBXNativeTarget "Integrated" */ = {
			isa = XCConfigurationList;
			buildConfigurations = (
				75CD7A9A278591400030A25F /* Debug */,
				75CD7A9B278591400030A25F /* Release */,
			);
			defaultConfigurationIsVisible = 0;
			defaultConfigurationName = Release;
		};
/* End XCConfigurationList section */
	};
	rootObject = 75CD7A7D2785913F0030A25F /* Project object */;
}
